
Microsoft Visual Studio Solution File, Format Version 12.00
# Visual Studio 2012
Project("{FAE04EC0-301F-11D3-BF4B-00C04F79EFBC}") = "hekoTest-SR", "hekoTest-SR\hekoTest-SR.csproj", "{20E7DBE3-8CD2-467E-B955-272CA9BBF7BA}"
EndProject
Project("{FAE04EC0-301F-11D3-BF4B-00C04F79EFBC}") = "hekoTest-SR.iOS", "iOS\hekoTest-SR.iOS.csproj", "{C2E28993-A67B-46FF-9A0C-230F4366969A}"
EndProject
Project("{FAE04EC0-301F-11D3-BF4B-00C04F79EFBC}") = "hekoTest-SR.Droid", "Droid\hekoTest-SR.Droid.csproj", "{FFED043B-A8FD-48C8-9718-163602005118}"
EndProject
Global
	GlobalSection(SolutionConfigurationPlatforms) = preSolution
		Debug|Any CPU = Debug|Any CPU
		Release|Any CPU = Release|Any CPU
		Debug|iPhoneSimulator = Debug|iPhoneSimulator
		Release|iPhone = Release|iPhone
		Release|iPhoneSimulator = Release|iPhoneSimulator
		Debug|iPhone = Debug|iPhone
	EndGlobalSection
	GlobalSection(ProjectConfigurationPlatforms) = postSolution
		{20E7DBE3-8CD2-467E-B955-272CA9BBF7BA}.Debug|Any CPU.ActiveCfg = Debug|Any CPU
		{20E7DBE3-8CD2-467E-B955-272CA9BBF7BA}.Debug|Any CPU.Build.0 = Debug|Any CPU
		{20E7DBE3-8CD2-467E-B955-272CA9BBF7BA}.Release|Any CPU.ActiveCfg = Release|Any CPU
		{20E7DBE3-8CD2-467E-B955-272CA9BBF7BA}.Release|Any CPU.Build.0 = Release|Any CPU
		{20E7DBE3-8CD2-467E-B955-272CA9BBF7BA}.Debug|iPhoneSimulator.ActiveCfg = Debug|Any CPU
		{20E7DBE3-8CD2-467E-B955-272CA9BBF7BA}.Debug|iPhoneSimulator.Build.0 = Debug|Any CPU
		{20E7DBE3-8CD2-467E-B955-272CA9BBF7BA}.Release|iPhone.ActiveCfg = Release|Any CPU
		{20E7DBE3-8CD2-467E-B955-272CA9BBF7BA}.Release|iPhone.Build.0 = Release|Any CPU
		{20E7DBE3-8CD2-467E-B955-272CA9BBF7BA}.Release|iPhoneSimulator.ActiveCfg = Release|Any CPU
		{20E7DBE3-8CD2-467E-B955-272CA9BBF7BA}.Release|iPhoneSimulator.Build.0 = Release|Any CPU
		{20E7DBE3-8CD2-467E-B955-272CA9BBF7BA}.Debug|iPhone.ActiveCfg = Debug|Any CPU
		{20E7DBE3-8CD2-467E-B955-272CA9BBF7BA}.Debug|iPhone.Build.0 = Debug|Any CPU
		{C2E28993-A67B-46FF-9A0C-230F4366969A}.Debug|Any CPU.ActiveCfg = Debug|iPhoneSimulator
		{C2E28993-A67B-46FF-9A0C-230F4366969A}.Debug|Any CPU.Build.0 = Debug|iPhoneSimulator
		{C2E28993-A67B-46FF-9A0C-230F4366969A}.Release|Any CPU.ActiveCfg = Release|iPhone
		{C2E28993-A67B-46FF-9A0C-230F4366969A}.Release|Any CPU.Build.0 = Release|iPhone
		{C2E28993-A67B-46FF-9A0C-230F4366969A}.Debug|iPhoneSimulator.ActiveCfg = Debug|iPhoneSimulator
		{C2E28993-A67B-46FF-9A0C-230F4366969A}.Debug|iPhoneSimulator.Build.0 = Debug|iPhoneSimulator
		{C2E28993-A67B-46FF-9A0C-230F4366969A}.Release|iPhone.ActiveCfg = Release|iPhone
		{C2E28993-A67B-46FF-9A0C-230F4366969A}.Release|iPhone.Build.0 = Release|iPhone
		{C2E28993-A67B-46FF-9A0C-230F4366969A}.Release|iPhoneSimulator.ActiveCfg = Release|iPhoneSimulator
		{C2E28993-A67B-46FF-9A0C-230F4366969A}.Release|iPhoneSimulator.Build.0 = Release|iPhoneSimulator
		{C2E28993-A67B-46FF-9A0C-230F4366969A}.Debug|iPhone.ActiveCfg = Debug|iPhone
		{C2E28993-A67B-46FF-9A0C-230F4366969A}.Debug|iPhone.Build.0 = Debug|iPhone
		{FFED043B-A8FD-48C8-9718-163602005118}.Debug|Any CPU.ActiveCfg = Debug|Any CPU
		{FFED043B-A8FD-48C8-9718-163602005118}.Debug|Any CPU.Build.0 = Debug|Any CPU
		{FFED043B-A8FD-48C8-9718-163602005118}.Release|Any CPU.ActiveCfg = Release|Any CPU
		{FFED043B-A8FD-48C8-9718-163602005118}.Release|Any CPU.Build.0 = Release|Any CPU
		{FFED043B-A8FD-48C8-9718-163602005118}.Debug|iPhoneSimulator.ActiveCfg = Debug|Any CPU
		{FFED043B-A8FD-48C8-9718-163602005118}.Debug|iPhoneSimulator.Build.0 = Debug|Any CPU
		{FFED043B-A8FD-48C8-9718-163602005118}.Release|iPhone.ActiveCfg = Release|Any CPU
		{FFED043B-A8FD-48C8-9718-163602005118}.Release|iPhone.Build.0 = Release|Any CPU
		{FFED043B-A8FD-48C8-9718-163602005118}.Release|iPhoneSimulator.ActiveCfg = Release|Any CPU
		{FFED043B-A8FD-48C8-9718-163602005118}.Release|iPhoneSimulator.Build.0 = Release|Any CPU
		{FFED043B-A8FD-48C8-9718-163602005118}.Debug|iPhone.ActiveCfg = Debug|Any CPU
		{FFED043B-A8FD-48C8-9718-163602005118}.Debug|iPhone.Build.0 = Debug|Any CPU
	EndGlobalSection
EndGlobal
